{
  "name": "my-math-library1",
  "version": "1.1.1",
  "lockfileVersion": 3,
  "requires": true,
  "packages": {
    "": {
      "name": "my-math-library1",
      "version": "1.1.1",
      "license": "ISC",
      "dependencies": {
        "my-math-library1": "^1.1.0"
      }
    },
    "node_modules/my-math-library1": {
      "version": "1.1.1",
      "resolved": "https://registry.npmjs.org/my-math-library1/-/my-math-library1-1.1.1.tgz",
      "integrity": "sha512-051fPRLtzuK2dF7XpFhPrjvxelxCBrJOEC6Gieuefxzv0gzzbBaeBPGvM2w5t1CG8vijP/W5IU7IWR7cSXjpyQ==",
      "dependencies": {
        "my-math-library1": "^1.1.0"
      }
    }
  }
}
